
Microsoft Visual Studio Solution File, Format Version 12.00
# Visual Studio Version 17
VisualStudioVersion = 17.7.34221.43
MinimumVisualStudioVersion = 10.0.40219.1
Project("{FAE04EC0-301F-11D3-BF4B-00C04F79EFBC}") = "SistemaAtlantida", "SistemaAtlantida\SistemaAtlantida.csproj", "{39A0C03E-174F-4C79-9552-63858FA9FBF4}"
EndProject
Global
	GlobalSection(SolutionConfigurationPlatforms) = preSolution
		Debug|Any CPU = Debug|Any CPU
		Release|Any CPU = Release|Any CPU
	EndGlobalSection
	GlobalSection(ProjectConfigurationPlatforms) = postSolution
		{39A0C03E-174F-4C79-9552-63858FA9FBF4}.Debug|Any CPU.ActiveCfg = Debug|Any CPU
		{39A0C03E-174F-4C79-9552-63858FA9FBF4}.Debug|Any CPU.Build.0 = Debug|Any CPU
		{39A0C03E-174F-4C79-9552-63858FA9FBF4}.Release|Any CPU.ActiveCfg = Release|Any CPU
		{39A0C03E-174F-4C79-9552-63858FA9FBF4}.Release|Any CPU.Build.0 = Release|Any CPU
	EndGlobalSection
	GlobalSection(SolutionProperties) = preSolution
		HideSolutionNode = FALSE
	EndGlobalSection
	GlobalSection(ExtensibilityGlobals) = postSolution
		SolutionGuid = {41C664E6-0A16-44DE-B8A8-941CAA5E9EB4}
	EndGlobalSection
EndGlobal
